// !$*UTF8*$!
{
	archiveVersion = 1;
	classes = {
	};
	objectVersion = 46;
	objects = {

/* Begin PBXBuildFile section */
		2AB9373A19C0A0F1004EC862 /* AppDelegate.swift in Sources */ = {isa = PBXBuildFile; fileRef = 2AB9373919C0A0F1004EC862 /* AppDelegate.swift */; };
		2AB9373C19C0A0F1004EC862 /* ViewController.swift in Sources */ = {isa = PBXBuildFile; fileRef = 2AB9373B19C0A0F1004EC862 /* ViewController.swift */; };
		2AB9373F19C0A0F1004EC862 /* Main.storyboard in Resources */ = {isa = PBXBuildFile; fileRef = 2AB9373D19C0A0F1004EC862 /* Main.storyboard */; };
		2AB9374119C0A0F1004EC862 /* Images.xcassets in Resources */ = {isa = PBXBuildFile; fileRef = 2AB9374019C0A0F1004EC862 /* Images.xcassets */; };
		2AB9374D19C0A0F1004EC862 /* PostureCurveViewTests.swift in Sources */ = {isa = PBXBuildFile; fileRef = 2AB9374C19C0A0F1004EC862 /* PostureCurveViewTests.swift */; };
		2AB9375719C0A10C004EC862 /* PostureCurveView.swift in Sources */ = {isa = PBXBuildFile; fileRef = 2AB9375619C0A10C004EC862 /* PostureCurveView.swift */; };
/* End PBXBuildFile section */

/* Begin PBXContainerItemProxy section */
		2AB9374719C0A0F1004EC862 /* PBXContainerItemProxy */ = {
			isa = PBXContainerItemProxy;
			containerPortal = 2AB9372C19C0A0F1004EC862 /* Project object */;
			proxyType = 1;
			remoteGlobalIDString = 2AB9373319C0A0F1004EC862;
			remoteInfo = PostureCurveView;
		};
/* End PBXContainerItemProxy section */

/* Begin PBXFileReference section */
		2AB9373419C0A0F1004EC862 /* PostureCurveView.app */ = {isa = PBXFileReference; explicitFileType = wrapper.application; includeInIndex = 0; path = PostureCurveView.app; sourceTree = BUILT_PRODUCTS_DIR; };
		2AB9373819C0A0F1004EC862 /* Info.plist */ = {isa = PBXFileReference; lastKnownFileType = text.plist.xml; path = Info.plist; sourceTree = "<group>"; };
		2AB9373919C0A0F1004EC862 /* AppDelegate.swift */ = {isa = PBXFileReference; lastKnownFileType = sourcecode.swift; path = AppDelegate.swift; sourceTree = "<group>"; };
		2AB9373B19C0A0F1004EC862 /* ViewController.swift */ = {isa = PBXFileReference; lastKnownFileType = sourcecode.swift; path = ViewController.swift; sourceTree = "<group>"; };
		2AB9373E19C0A0F1004EC862 /* Base */ = {isa = PBXFileReference; lastKnownFileType = file.storyboard; name = Base; path = Base.lproj/Main.storyboard; sourceTree = "<group>"; };
		2AB9374019C0A0F1004EC862 /* Images.xcassets */ = {isa = PBXFileReference; lastKnownFileType = folder.assetcatalog; path = Images.xcassets; sourceTree = "<group>"; };
		2AB9374619C0A0F1004EC862 /* PostureCurveViewTests.xctest */ = {isa = PBXFileReference; explicitFileType = wrapper.cfbundle; includeInIndex = 0; path = PostureCurveViewTests.xctest; sourceTree = BUILT_PRODUCTS_DIR; };
		2AB9374B19C0A0F1004EC862 /* Info.plist */ = {isa = PBXFileReference; lastKnownFileType = text.plist.xml; path = Info.plist; sourceTree = "<group>"; };
		2AB9374C19C0A0F1004EC862 /* PostureCurveViewTests.swift */ = {isa = PBXFileReference; lastKnownFileType = sourcecode.swift; path = PostureCurveViewTests.swift; sourceTree = "<group>"; };
		2AB9375619C0A10C004EC862 /* PostureCurveView.swift */ = {isa = PBXFileReference; fileEncoding = 4; lastKnownFileType = sourcecode.swift; path = PostureCurveView.swift; sourceTree = SOURCE_ROOT; };
/* End PBXFileReference section */

/* Begin PBXFrameworksBuildPhase section */
		2AB9373119C0A0F1004EC862 /* Frameworks */ = {
			isa = PBXFrameworksBuildPhase;
			buildActionMask = 2147483647;
			files = (
			);
			runOnlyForDeploymentPostprocessing = 0;
		};
		2AB9374319C0A0F1004EC862 /* Frameworks */ = {
			isa = PBXFrameworksBuildPhase;
			buildActionMask = 2147483647;
			files = (
			);
			runOnlyForDeploymentPostprocessing = 0;
		};
/* End PBXFrameworksBuildPhase section */

/* Begin PBXGroup section */
		2AB9372B19C0A0F1004EC862 = {
			isa = PBXGroup;
			children = (
				2AB9373619C0A0F1004EC862 /* PostureCurveView */,
				2AB9374919C0A0F1004EC862 /* PostureCurveViewTests */,
				2AB9373519C0A0F1004EC862 /* Products */,
			);
			sourceTree = "<group>";
		};
		2AB9373519C0A0F1004EC862 /* Products */ = {
			isa = PBXGroup;
			children = (
				2AB9373419C0A0F1004EC862 /* PostureCurveView.app */,
				2AB9374619C0A0F1004EC862 /* PostureCurveViewTests.xctest */,
			);
			name = Products;
			sourceTree = "<group>";
		};
		2AB9373619C0A0F1004EC862 /* PostureCurveView */ = {
			isa = PBXGroup;
			children = (
				2AB9373919C0A0F1004EC862 /* AppDelegate.swift */,
				2AB9375619C0A10C004EC862 /* PostureCurveView.swift */,
				2AB9373B19C0A0F1004EC862 /* ViewController.swift */,
				2AB9373D19C0A0F1004EC862 /* Main.storyboard */,
				2AB9374019C0A0F1004EC862 /* Images.xcassets */,
				2AB9373719C0A0F1004EC862 /* Supporting Files */,
			);
			path = PostureCurveView;
			sourceTree = "<group>";
		};
		2AB9373719C0A0F1004EC862 /* Supporting Files */ = {
			isa = PBXGroup;
			children = (
				2AB9373819C0A0F1004EC862 /* Info.plist */,
			);
			name = "Supporting Files";
			sourceTree = "<group>";
		};
		2AB9374919C0A0F1004EC862 /* PostureCurveViewTests */ = {
			isa = PBXGroup;
			children = (
				2AB9374C19C0A0F1004EC862 /* PostureCurveViewTests.swift */,
				2AB9374A19C0A0F1004EC862 /* Supporting Files */,
			);
			path = PostureCurveViewTests;
			sourceTree = "<group>";
		};
		2AB9374A19C0A0F1004EC862 /* Supporting Files */ = {
			isa = PBXGroup;
			children = (
				2AB9374B19C0A0F1004EC862 /* Info.plist */,
			);
			name = "Supporting Files";
			sourceTree = "<group>";
		};
/* End PBXGroup section */

/* Begin PBXNativeTarget section */
		2AB9373319C0A0F1004EC862 /* PostureCurveView */ = {
			isa = PBXNativeTarget;
			buildConfigurationList = 2AB9375019C0A0F1004EC862 /* Build configuration list for PBXNativeTarget "PostureCurveView" */;
			buildPhases = (
				2AB9373019C0A0F1004EC862 /* Sources */,
				2AB9373119C0A0F1004EC862 /* Frameworks */,
				2AB9373219C0A0F1004EC862 /* Resources */,
			);
			buildRules = (
			);
			dependencies = (
			);
			name = PostureCurveView;
			productName = PostureCurveView;
			productReference = 2AB9373419C0A0F1004EC862 /* PostureCurveView.app */;
			productType = "com.apple.product-type.application";
		};
		2AB9374519C0A0F1004EC862 /* PostureCurveViewTests */ = {
			isa = PBXNativeTarget;
			buildConfigurationList = 2AB9375319C0A0F1004EC862 /* Build configuration list for PBXNativeTarget "PostureCurveViewTests" */;
			buildPhases = (
				2AB9374219C0A0F1004EC862 /* Sources */,
				2AB9374319C0A0F1004EC862 /* Frameworks */,
				2AB9374419C0A0F1004EC862 /* Resources */,
			);
			buildRules = (
			);
			dependencies = (
				2AB9374819C0A0F1004EC862 /* PBXTargetDependency */,
			);
			name = PostureCurveViewTests;
			productName = PostureCurveViewTests;
			productReference = 2AB9374619C0A0F1004EC862 /* PostureCurveViewTests.xctest */;
			productType = "com.apple.product-type.bundle.unit-test";
		};
/* End PBXNativeTarget section */

/* Begin PBXProject section */
		2AB9372C19C0A0F1004EC862 /* Project object */ = {
			isa = PBXProject;
			attributes = {
				LastUpgradeCheck = 0600;
				ORGANIZATIONNAME = "Monisha White";
				TargetAttributes = {
					2AB9373319C0A0F1004EC862 = {
						CreatedOnToolsVersion = 6.0;
					};
					2AB9374519C0A0F1004EC862 = {
						CreatedOnToolsVersion = 6.0;
						TestTargetID = 2AB9373319C0A0F1004EC862;
					};
				};
			};
			buildConfigurationList = 2AB9372F19C0A0F1004EC862 /* Build configuration list for PBXProject "PostureCurveView" */;
			compatibilityVersion = "Xcode 3.2";
			developmentRegion = English;
			hasScannedForEncodings = 0;
			knownRegions = (
				en,
				Base,
			);
			mainGroup = 2AB9372B19C0A0F1004EC862;
			productRefGroup = 2AB9373519C0A0F1004EC862 /* Products */;
			projectDirPath = "";
			projectRoot = "";
			targets = (
				2AB9373319C0A0F1004EC862 /* PostureCurveView */,
				2AB9374519C0A0F1004EC862 /* PostureCurveViewTests */,
			);
		};
/* End PBXProject section */

/* Begin PBXResourcesBuildPhase section */
		2AB9373219C0A0F1004EC862 /* Resources */ = {
			isa = PBXResourcesBuildPhase;
			buildActionMask = 2147483647;
			files = (
				2AB9373F19C0A0F1004EC862 /* Main.storyboard in Resources */,
				2AB9374119C0A0F1004EC862 /* Images.xcassets in Resources */,
			);
			runOnlyForDeploymentPostprocessing = 0;
		};
		2AB9374419C0A0F1004EC862 /* Resources */ = {
			isa = PBXResourcesBuildPhase;
			buildActionMask = 2147483647;
			files = (
			);
			runOnlyForDeploymentPostprocessing = 0;
		};
/* End PBXResourcesBuildPhase section */

/* Begin PBXSourcesBuildPhase section */
		2AB9373019C0A0F1004EC862 /* Sources */ = {
			isa = PBXSourcesBuildPhase;
			buildActionMask = 2147483647;
			files = (
				2AB9375719C0A10C004EC862 /* PostureCurveView.swift in Sources */,
				2AB9373C19C0A0F1004EC862 /* ViewController.swift in Sources */,
				2AB9373A19C0A0F1004EC862 /* AppDelegate.swift in Sources */,
			);
			runOnlyForDeploymentPostprocessing = 0;
		};
		2AB9374219C0A0F1004EC862 /* Sources */ = {
			isa = PBXSourcesBuildPhase;
			buildActionMask = 2147483647;
			files = (
				2AB9374D19C0A0F1004EC862 /* PostureCurveViewTests.swift in Sources */,
			);
			runOnlyForDeploymentPostprocessing = 0;
		};
/* End PBXSourcesBuildPhase section */

/* Begin PBXTargetDependency section */
		2AB9374819C0A0F1004EC862 /* PBXTargetDependency */ = {
			isa = PBXTargetDependency;
			target = 2AB9373319C0A0F1004EC862 /* PostureCurveView */;
			targetProxy = 2AB9374719C0A0F1004EC862 /* PBXContainerItemProxy */;
		};
/* End PBXTargetDependency section */

/* Begin PBXVariantGroup section */
		2AB9373D19C0A0F1004EC862 /* Main.storyboard */ = {
			isa = PBXVariantGroup;
			children = (
				2AB9373E19C0A0F1004EC862 /* Base */,
			);
			name = Main.storyboard;
			sourceTree = "<group>";
		};
/* End PBXVariantGroup section */

/* Begin XCBuildConfiguration section */
		2AB9374E19C0A0F1004EC862 /* Debug */ = {
			isa = XCBuildConfiguration;
			buildSettings = {
				ALWAYS_SEARCH_USER_PATHS = NO;
				CLANG_CXX_LANGUAGE_STANDARD = "gnu++0x";
				CLANG_CXX_LIBRARY = "libc++";
				CLANG_ENABLE_MODULES = YES;
				CLANG_ENABLE_OBJC_ARC = YES;
				CLANG_WARN_BOOL_CONVERSION = YES;
				CLANG_WARN_CONSTANT_CONVERSION = YES;
				CLANG_WARN_DIRECT_OBJC_ISA_USAGE = YES_ERROR;
				CLANG_WARN_EMPTY_BODY = YES;
				CLANG_WARN_ENUM_CONVERSION = YES;
				CLANG_WARN_INT_CONVERSION = YES;
				CLANG_WARN_OBJC_ROOT_CLASS = YES_ERROR;
				CLANG_WARN_UNREACHABLE_CODE = YES;
				CLANG_WARN__DUPLICATE_METHOD_MATCH = YES;
				"CODE_SIGN_IDENTITY[sdk=iphoneos*]" = "iPhone Developer";
				COPY_PHASE_STRIP = NO;
				ENABLE_STRICT_OBJC_MSGSEND = YES;
				GCC_C_LANGUAGE_STANDARD = gnu99;
				GCC_DYNAMIC_NO_PIC = NO;
				GCC_OPTIMIZATION_LEVEL = 0;
				GCC_PREPROCESSOR_DEFINITIONS = (
					"DEBUG=1",
					"$(inherited)",
				);
				GCC_SYMBOLS_PRIVATE_EXTERN = NO;
				GCC_WARN_64_TO_32_BIT_CONVERSION = YES;
				GCC_WARN_ABOUT_RETURN_TYPE = YES_ERROR;
				GCC_WARN_UNDECLARED_SELECTOR = YES;
				GCC_WARN_UNINITIALIZED_AUTOS = YES_AGGRESSIVE;
				GCC_WARN_UNUSED_FUNCTION = YES;
				GCC_WARN_UNUSED_VARIABLE = YES;
				IPHONEOS_DEPLOYMENT_TARGET = 8.0;
				MTL_ENABLE_DEBUG_INFO = YES;
				ONLY_ACTIVE_ARCH = YES;
				SDKROOT = iphoneos;
				SWIFT_OPTIMIZATION_LEVEL = "-Onone";
			};
			name = Debug;
		};
		2AB9374F19C0A0F1004EC862 /* Release */ = {
			isa = XCBuildConfiguration;
			buildSettings = {
				ALWAYS_SEARCH_USER_PATHS = NO;
				CLANG_CXX_LANGUAGE_STANDARD = "gnu++0x";
				CLANG_CXX_LIBRARY = "libc++";
				CLANG_ENABLE_MODULES = YES;
				CLANG_ENABLE_OBJC_ARC = YES;
				CLANG_WARN_BOOL_CONVERSION = YES;
				CLANG_WARN_CONSTANT_CONVERSION = YES;
				CLANG_WARN_DIRECT_OBJC_ISA_USAGE = YES_ERROR;
				CLANG_WARN_EMPTY_BODY = YES;
				CLANG_WARN_ENUM_CONVERSION = YES;
				CLANG_WARN_INT_CONVERSION = YES;
				CLANG_WARN_OBJC_ROOT_CLASS = YES_ERROR;
				CLANG_WARN_UNREACHABLE_CODE = YES;
				CLANG_WARN__DUPLICATE_METHOD_MATCH = YES;
				"CODE_SIGN_IDENTITY[sdk=iphoneos*]" = "iPhone Developer";
				COPY_PHASE_STRIP = YES;
				ENABLE_NS_ASSERTIONS = NO;
				ENABLE_STRICT_OBJC_MSGSEND = YES;
				GCC_C_LANGUAGE_STANDARD = gnu99;
				GCC_WARN_64_TO_32_BIT_CONVERSION = YES;
				GCC_WARN_ABOUT_RETURN_TYPE = YES_ERROR;
				GCC_WARN_UNDECLARED_SELECTOR = YES;
				GCC_WARN_UNINITIALIZED_AUTOS = YES_AGGRESSIVE;
				GCC_WARN_UNUSED_FUNCTION = YES;
				GCC_WARN_UNUSED_VARIABLE = YES;
				IPHONEOS_DEPLOYMENT_TARGET = 8.0;
				MTL_ENABLE_DEBUG_INFO = NO;
				SDKROOT = iphoneos;
				VALIDATE_PRODUCT = YES;
			};
			name = Release;
		};
		2AB9375119C0A0F1004EC862 /* Debug */ = {
			isa = XCBuildConfiguration;
			buildSettings = {
				ASSETCATALOG_COMPILER_APPICON_NAME = AppIcon;
				ASSETCATALOG_COMPILER_LAUNCHIMAGE_NAME = LaunchImage;
				INFOPLIST_FILE = PostureCurveView/Info.plist;
				LD_RUNPATH_SEARCH_PATHS = "$(inherited) @executable_path/Frameworks";
				PRODUCT_NAME = "$(TARGET_NAME)";
			};
			name = Debug;
		};
		2AB9375219C0A0F1004EC862 /* Release */ = {
			isa = XCBuildConfiguration;
			buildSettings = {
				ASSETCATALOG_COMPILER_APPICON_NAME = AppIcon;
				ASSETCATALOG_COMPILER_LAUNCHIMAGE_NAME = LaunchImage;
				INFOPLIST_FILE = PostureCurveView/Info.plist;
				LD_RUNPATH_SEARCH_PATHS = "$(inherited) @executable_path/Frameworks";
				PRODUCT_NAME = "$(TARGET_NAME)";
			};
			name = Release;
		};
		2AB9375419C0A0F1004EC862 /* Debug */ = {
			isa = XCBuildConfiguration;
			buildSettings = {
				BUNDLE_LOADER = "$(TEST_HOST)";
				FRAMEWORK_SEARCH_PATHS = (
					"$(SDKROOT)/Developer/Library/Frameworks",
					"$(inherited)",
				);
				GCC_PREPROCESSOR_DEFINITIONS = (
					"DEBUG=1",
					"$(inherited)",
				);
				INFOPLIST_FILE = PostureCurveViewTests/Info.plist;
				LD_RUNPATH_SEARCH_PATHS = "$(inherited) @executable_path/Frameworks @loader_path/Frameworks";
				PRODUCT_NAME = "$(TARGET_NAME)";
				TEST_HOST = "$(BUILT_PRODUCTS_DIR)/PostureCurveView.app/PostureCurveView";
			};
			name = Debug;
		};
		2AB9375519C0A0F1004EC862 /* Release */ = {
			isa = XCBuildConfiguration;
			buildSettings = {
				BUNDLE_LOADER = "$(TEST_HOST)";
				FRAMEWORK_SEARCH_PATHS = (
					"$(SDKROOT)/Developer/Library/Frameworks",
					"$(inherited)",
				);
				INFOPLIST_FILE = PostureCurveViewTests/Info.plist;
				LD_RUNPATH_SEARCH_PATHS = "$(inherited) @executable_path/Frameworks @loader_path/Frameworks";
				PRODUCT_NAME = "$(TARGET_NAME)";
				TEST_HOST = "$(BUILT_PRODUCTS_DIR)/PostureCurveView.app/PostureCurveView";
			};
			name = Release;
		};
/* End XCBuildConfiguration section */

/* Begin XCConfigurationList section */
		2AB9372F19C0A0F1004EC862 /* Build configuration list for PBXProject "PostureCurveView" */ = {
			isa = XCConfigurationList;
			buildConfigurations = (
				2AB9374E19C0A0F1004EC862 /* Debug */,
				2AB9374F19C0A0F1004EC862 /* Release */,
			);
			defaultConfigurationIsVisible = 0;
			defaultConfigurationName = Release;
		};
		2AB9375019C0A0F1004EC862 /* Build configuration list for PBXNativeTarget "PostureCurveView" */ = {
			isa = XCConfigurationList;
			buildConfigurations = (
				2AB9375119C0A0F1004EC862 /* Debug */,
				2AB9375219C0A0F1004EC862 /* Release */,
			);
			defaultConfigurationIsVisible = 0;
			defaultConfigurationName = Release;
		};
		2AB9375319C0A0F1004EC862 /* Build configuration list for PBXNativeTarget "PostureCurveViewTests" */ = {
			isa = XCConfigurationList;
			buildConfigurations = (
				2AB9375419C0A0F1004EC862 /* Debug */,
				2AB9375519C0A0F1004EC862 /* Release */,
			);
			defaultConfigurationIsVisible = 0;
			defaultConfigurationName = Release;
		};
/* End XCConfigurationList section */
	};
	rootObject = 2AB9372C19C0A0F1004EC862 /* Project object */;
}
